
Microsoft Visual Studio Solution File, Format Version 12.00
# Visual Studio Version 16
VisualStudioVersion = 16.0.29806.167
MinimumVisualStudioVersion = 10.0.40219.1
Project("{8BC9CEB8-8B4A-11D0-8D11-00A0C91BC942}") = "Sandbox", "Sandbox\Sandbox.vcxproj", "{F4C124E3-60A1-A37E-69B9-2E55D5170AE0}"
EndProject
Project("{8BC9CEB8-8B4A-11D0-8D11-00A0C91BC942}") = "AssetGenerator", "AssetGenerator\AssetGenerator.vcxproj", "{ACA5F7BA-9873-EBC0-8107-5CE76D74C725}"
	ProjectSection(ProjectDependencies) = postProject
		{0AFB130E-760F-3CBF-3F91-DF1EAB6438F0} = {0AFB130E-760F-3CBF-3F91-DF1EAB6438F0}
	EndProjectSection
EndProject
Project("{2150E333-8FDC-42A3-9474-1A3956D46DE8}") = "Dependencies", "Dependencies", "{53E47842-3FC8-3998-A828-34EB942B241A}"
EndProject
Project("{8BC9CEB8-8B4A-11D0-8D11-00A0C91BC942}") = "GLFW", "Salad\vendor\GLFW\GLFW.vcxproj", "{154B857C-0182-860D-AA6E-6C109684020F}"
EndProject
Project("{8BC9CEB8-8B4A-11D0-8D11-00A0C91BC942}") = "Glad", "Salad\vendor\Glad\Glad.vcxproj", "{BDD6857C-A90D-870D-52FA-6C103E10030F}"
EndProject
Project("{8BC9CEB8-8B4A-11D0-8D11-00A0C91BC942}") = "ImGui", "Salad\vendor\imgui\ImGui.vcxproj", "{C0FF640D-2C14-8DBE-F595-301E616989EF}"
EndProject
Project("{8BC9CEB8-8B4A-11D0-8D11-00A0C91BC942}") = "freetype", "Salad\vendor\freetype\freetype.vcxproj", "{89895BD8-7556-B6E3-9E6F-A48B8A9BEB71}"
EndProject
Project("{8BC9CEB8-8B4A-11D0-8D11-00A0C91BC942}") = "lua53", "Salad\vendor\lua53\lua53.vcxproj", "{8F22E30F-FB36-0BC1-C4B8-AE20308C07F2}"
EndProject
Project("{8BC9CEB8-8B4A-11D0-8D11-00A0C91BC942}") = "Salad", "Salad\Salad.vcxproj", "{0AFB130E-760F-3CBF-3F91-DF1EAB6438F0}"
EndProject
Project("{FAE04EC0-301F-11D3-BF4B-00C04F79EFBC}") = "FruitSalad", "FruitSalad\FruitSalad.csproj", "{5ED05CF5-9A5D-45B8-A8D6-E0453539889C}"
EndProject
Global
	GlobalSection(SolutionConfigurationPlatforms) = preSolution
		Debug|Any CPU = Debug|Any CPU
		Debug|x64 = Debug|x64
		Dist|Any CPU = Dist|Any CPU
		Dist|x64 = Dist|x64
		Release|Any CPU = Release|Any CPU
		Release|x64 = Release|x64
	EndGlobalSection
	GlobalSection(ProjectConfigurationPlatforms) = postSolution
		{F4C124E3-60A1-A37E-69B9-2E55D5170AE0}.Debug|Any CPU.ActiveCfg = Debug|x64
		{F4C124E3-60A1-A37E-69B9-2E55D5170AE0}.Debug|x64.ActiveCfg = Debug|x64
		{F4C124E3-60A1-A37E-69B9-2E55D5170AE0}.Debug|x64.Build.0 = Debug|x64
		{F4C124E3-60A1-A37E-69B9-2E55D5170AE0}.Dist|Any CPU.ActiveCfg = Dist|x64
		{F4C124E3-60A1-A37E-69B9-2E55D5170AE0}.Dist|x64.ActiveCfg = Dist|x64
		{F4C124E3-60A1-A37E-69B9-2E55D5170AE0}.Dist|x64.Build.0 = Dist|x64
		{F4C124E3-60A1-A37E-69B9-2E55D5170AE0}.Release|Any CPU.ActiveCfg = Release|x64
		{F4C124E3-60A1-A37E-69B9-2E55D5170AE0}.Release|x64.ActiveCfg = Release|x64
		{F4C124E3-60A1-A37E-69B9-2E55D5170AE0}.Release|x64.Build.0 = Release|x64
		{ACA5F7BA-9873-EBC0-8107-5CE76D74C725}.Debug|Any CPU.ActiveCfg = Debug|x64
		{ACA5F7BA-9873-EBC0-8107-5CE76D74C725}.Debug|x64.ActiveCfg = Debug|x64
		{ACA5F7BA-9873-EBC0-8107-5CE76D74C725}.Debug|x64.Build.0 = Debug|x64
		{ACA5F7BA-9873-EBC0-8107-5CE76D74C725}.Dist|Any CPU.ActiveCfg = Dist|x64
		{ACA5F7BA-9873-EBC0-8107-5CE76D74C725}.Dist|x64.ActiveCfg = Dist|x64
		{ACA5F7BA-9873-EBC0-8107-5CE76D74C725}.Dist|x64.Build.0 = Dist|x64
		{ACA5F7BA-9873-EBC0-8107-5CE76D74C725}.Release|Any CPU.ActiveCfg = Release|x64
		{ACA5F7BA-9873-EBC0-8107-5CE76D74C725}.Release|x64.ActiveCfg = Release|x64
		{ACA5F7BA-9873-EBC0-8107-5CE76D74C725}.Release|x64.Build.0 = Release|x64
		{154B857C-0182-860D-AA6E-6C109684020F}.Debug|Any CPU.ActiveCfg = Debug|x64
		{154B857C-0182-860D-AA6E-6C109684020F}.Debug|x64.ActiveCfg = Debug|x64
		{154B857C-0182-860D-AA6E-6C109684020F}.Debug|x64.Build.0 = Debug|x64
		{154B857C-0182-860D-AA6E-6C109684020F}.Dist|Any CPU.ActiveCfg = Dist|x64
		{154B857C-0182-860D-AA6E-6C109684020F}.Dist|x64.ActiveCfg = Dist|x64
		{154B857C-0182-860D-AA6E-6C109684020F}.Dist|x64.Build.0 = Dist|x64
		{154B857C-0182-860D-AA6E-6C109684020F}.Release|Any CPU.ActiveCfg = Release|x64
		{154B857C-0182-860D-AA6E-6C109684020F}.Release|x64.ActiveCfg = Release|x64
		{154B857C-0182-860D-AA6E-6C109684020F}.Release|x64.Build.0 = Release|x64
		{BDD6857C-A90D-870D-52FA-6C103E10030F}.Debug|Any CPU.ActiveCfg = Debug|x64
		{BDD6857C-A90D-870D-52FA-6C103E10030F}.Debug|x64.ActiveCfg = Debug|x64
		{BDD6857C-A90D-870D-52FA-6C103E10030F}.Debug|x64.Build.0 = Debug|x64
		{BDD6857C-A90D-870D-52FA-6C103E10030F}.Dist|Any CPU.ActiveCfg = Dist|x64
		{BDD6857C-A90D-870D-52FA-6C103E10030F}.Dist|x64.ActiveCfg = Dist|x64
		{BDD6857C-A90D-870D-52FA-6C103E10030F}.Dist|x64.Build.0 = Dist|x64
		{BDD6857C-A90D-870D-52FA-6C103E10030F}.Release|Any CPU.ActiveCfg = Release|x64
		{BDD6857C-A90D-870D-52FA-6C103E10030F}.Release|x64.ActiveCfg = Release|x64
		{BDD6857C-A90D-870D-52FA-6C103E10030F}.Release|x64.Build.0 = Release|x64
		{C0FF640D-2C14-8DBE-F595-301E616989EF}.Debug|Any CPU.ActiveCfg = Debug|x64
		{C0FF640D-2C14-8DBE-F595-301E616989EF}.Debug|x64.ActiveCfg = Debug|x64
		{C0FF640D-2C14-8DBE-F595-301E616989EF}.Debug|x64.Build.0 = Debug|x64
		{C0FF640D-2C14-8DBE-F595-301E616989EF}.Dist|Any CPU.ActiveCfg = Dist|x64
		{C0FF640D-2C14-8DBE-F595-301E616989EF}.Dist|x64.ActiveCfg = Dist|x64
		{C0FF640D-2C14-8DBE-F595-301E616989EF}.Dist|x64.Build.0 = Dist|x64
		{C0FF640D-2C14-8DBE-F595-301E616989EF}.Release|Any CPU.ActiveCfg = Release|x64
		{C0FF640D-2C14-8DBE-F595-301E616989EF}.Release|x64.ActiveCfg = Release|x64
		{C0FF640D-2C14-8DBE-F595-301E616989EF}.Release|x64.Build.0 = Release|x64
		{89895BD8-7556-B6E3-9E6F-A48B8A9BEB71}.Debug|Any CPU.ActiveCfg = Debug|x64
		{89895BD8-7556-B6E3-9E6F-A48B8A9BEB71}.Debug|x64.ActiveCfg = Debug|x64
		{89895BD8-7556-B6E3-9E6F-A48B8A9BEB71}.Debug|x64.Build.0 = Debug|x64
		{89895BD8-7556-B6E3-9E6F-A48B8A9BEB71}.Dist|Any CPU.ActiveCfg = Dist|x64
		{89895BD8-7556-B6E3-9E6F-A48B8A9BEB71}.Dist|x64.ActiveCfg = Dist|x64
		{89895BD8-7556-B6E3-9E6F-A48B8A9BEB71}.Dist|x64.Build.0 = Dist|x64
		{89895BD8-7556-B6E3-9E6F-A48B8A9BEB71}.Release|Any CPU.ActiveCfg = Release|x64
		{89895BD8-7556-B6E3-9E6F-A48B8A9BEB71}.Release|x64.ActiveCfg = Release|x64
		{89895BD8-7556-B6E3-9E6F-A48B8A9BEB71}.Release|x64.Build.0 = Release|x64
		{8F22E30F-FB36-0BC1-C4B8-AE20308C07F2}.Debug|Any CPU.ActiveCfg = Debug|x64
		{8F22E30F-FB36-0BC1-C4B8-AE20308C07F2}.Debug|x64.ActiveCfg = Debug|x64
		{8F22E30F-FB36-0BC1-C4B8-AE20308C07F2}.Debug|x64.Build.0 = Debug|x64
		{8F22E30F-FB36-0BC1-C4B8-AE20308C07F2}.Dist|Any CPU.ActiveCfg = Dist|x64
		{8F22E30F-FB36-0BC1-C4B8-AE20308C07F2}.Dist|x64.ActiveCfg = Dist|x64
		{8F22E30F-FB36-0BC1-C4B8-AE20308C07F2}.Dist|x64.Build.0 = Dist|x64
		{8F22E30F-FB36-0BC1-C4B8-AE20308C07F2}.Release|Any CPU.ActiveCfg = Release|x64
		{8F22E30F-FB36-0BC1-C4B8-AE20308C07F2}.Release|x64.ActiveCfg = Release|x64
		{8F22E30F-FB36-0BC1-C4B8-AE20308C07F2}.Release|x64.Build.0 = Release|x64
		{0AFB130E-760F-3CBF-3F91-DF1EAB6438F0}.Debug|Any CPU.ActiveCfg = Debug|x64
		{0AFB130E-760F-3CBF-3F91-DF1EAB6438F0}.Debug|x64.ActiveCfg = Debug|x64
		{0AFB130E-760F-3CBF-3F91-DF1EAB6438F0}.Debug|x64.Build.0 = Debug|x64
		{0AFB130E-760F-3CBF-3F91-DF1EAB6438F0}.Dist|Any CPU.ActiveCfg = Dist|x64
		{0AFB130E-760F-3CBF-3F91-DF1EAB6438F0}.Dist|x64.ActiveCfg = Dist|x64
		{0AFB130E-760F-3CBF-3F91-DF1EAB6438F0}.Dist|x64.Build.0 = Dist|x64
		{0AFB130E-760F-3CBF-3F91-DF1EAB6438F0}.Release|Any CPU.ActiveCfg = Release|x64
		{0AFB130E-760F-3CBF-3F91-DF1EAB6438F0}.Release|x64.ActiveCfg = Release|x64
		{0AFB130E-760F-3CBF-3F91-DF1EAB6438F0}.Release|x64.Build.0 = Release|x64
		{5ED05CF5-9A5D-45B8-A8D6-E0453539889C}.Debug|Any CPU.ActiveCfg = Debug|Any CPU
		{5ED05CF5-9A5D-45B8-A8D6-E0453539889C}.Debug|Any CPU.Build.0 = Debug|Any CPU
		{5ED05CF5-9A5D-45B8-A8D6-E0453539889C}.Debug|x64.ActiveCfg = Debug|Any CPU
		{5ED05CF5-9A5D-45B8-A8D6-E0453539889C}.Debug|x64.Build.0 = Debug|Any CPU
		{5ED05CF5-9A5D-45B8-A8D6-E0453539889C}.Dist|Any CPU.ActiveCfg = Debug|Any CPU
		{5ED05CF5-9A5D-45B8-A8D6-E0453539889C}.Dist|Any CPU.Build.0 = Debug|Any CPU
		{5ED05CF5-9A5D-45B8-A8D6-E0453539889C}.Dist|x64.ActiveCfg = Debug|Any CPU
		{5ED05CF5-9A5D-45B8-A8D6-E0453539889C}.Dist|x64.Build.0 = Debug|Any CPU
		{5ED05CF5-9A5D-45B8-A8D6-E0453539889C}.Release|Any CPU.ActiveCfg = Release|Any CPU
		{5ED05CF5-9A5D-45B8-A8D6-E0453539889C}.Release|Any CPU.Build.0 = Release|Any CPU
		{5ED05CF5-9A5D-45B8-A8D6-E0453539889C}.Release|x64.ActiveCfg = Release|Any CPU
		{5ED05CF5-9A5D-45B8-A8D6-E0453539889C}.Release|x64.Build.0 = Release|Any CPU
	EndGlobalSection
	GlobalSection(SolutionProperties) = preSolution
		HideSolutionNode = FALSE
	EndGlobalSection
	GlobalSection(NestedProjects) = preSolution
		{154B857C-0182-860D-AA6E-6C109684020F} = {53E47842-3FC8-3998-A828-34EB942B241A}
		{BDD6857C-A90D-870D-52FA-6C103E10030F} = {53E47842-3FC8-3998-A828-34EB942B241A}
		{C0FF640D-2C14-8DBE-F595-301E616989EF} = {53E47842-3FC8-3998-A828-34EB942B241A}
		{89895BD8-7556-B6E3-9E6F-A48B8A9BEB71} = {53E47842-3FC8-3998-A828-34EB942B241A}
		{8F22E30F-FB36-0BC1-C4B8-AE20308C07F2} = {53E47842-3FC8-3998-A828-34EB942B241A}
	EndGlobalSection
	GlobalSection(ExtensibilityGlobals) = postSolution
		SolutionGuid = {FD95D9D6-E862-4F12-A890-D2083F23969A}
	EndGlobalSection
EndGlobal
