<?xml version="1.0" encoding="utf-8"?>
<Project ToolsVersion="4.0" xmlns="http://schemas.microsoft.com/developer/msbuild/2003">
  <ItemGroup>
    <Filter Include="src">
      <UniqueIdentifier>{2DAB880B-99B4-887C-2230-9F7C8E38947C}</UniqueIdentifier>
    </Filter>
    <Filter Include="src\Platform">
      <UniqueIdentifier>{21CA02E5-0D2D-9289-B6B2-CA3FA2F45D0C}</UniqueIdentifier>
    </Filter>
    <Filter Include="src\Platform\OpenGL">
      <UniqueIdentifier>{35A49437-A105-7245-2A73-B8F796D3A804}</UniqueIdentifier>
    </Filter>
    <Filter Include="src\Platform\Windows">
      <UniqueIdentifier>{5B054582-4794-CE4B-F0B2-E246DC20DFF1}</UniqueIdentifier>
    </Filter>
    <Filter Include="src\Salad">
      <UniqueIdentifier>{6109D1B3-CD73-852A-16B2-36D0825B637F}</UniqueIdentifier>
    </Filter>
    <Filter Include="src\Salad\Core">
      <UniqueIdentifier>{59329CA2-4500-90A8-2E94-00CF1A016C0D}</UniqueIdentifier>
    </Filter>
    <Filter Include="src\Salad\Debug">
      <UniqueIdentifier>{97D82EF6-0364-9CBA-0C75-1FAF787FF8BA}</UniqueIdentifier>
    </Filter>
    <Filter Include="src\Salad\Events">
      <UniqueIdentifier>{253E94BF-1137-B311-3A69-989626C1921D}</UniqueIdentifier>
    </Filter>
    <Filter Include="src\Salad\ImGui">
      <UniqueIdentifier>{4B438DF6-B7CE-FABA-C0DF-7DAF2CEA56BB}</UniqueIdentifier>
    </Filter>
    <Filter Include="src\Salad\Lua">
      <UniqueIdentifier>{72EA23DE-DEAA-9F14-A7E5-E8911365E4F0}</UniqueIdentifier>
    </Filter>
    <Filter Include="src\Salad\Math">
      <UniqueIdentifier>{DA72A1A2-C640-95A8-AFD4-05CF9B41710D}</UniqueIdentifier>
    </Filter>
    <Filter Include="src\Salad\Renderer">
      <UniqueIdentifier>{276A97EC-134E-5842-7CAE-529568B142C4}</UniqueIdentifier>
    </Filter>
    <Filter Include="src\Salad\Renderer\Gui">
      <UniqueIdentifier>{FB2819E1-E722-4233-D08F-D843BC28A89F}</UniqueIdentifier>
    </Filter>
    <Filter Include="src\Salad\Renderer\Primitives">
      <UniqueIdentifier>{A2E19903-0EFA-802D-D7A6-10C7437E15C7}</UniqueIdentifier>
    </Filter>
    <Filter Include="src\Salad\Scene">
      <UniqueIdentifier>{3E3B3DF7-AAC6-AABB-B3D7-2DB01FE206BC}</UniqueIdentifier>
    </Filter>
    <Filter Include="src\Salad\Util">
      <UniqueIdentifier>{4E25A6A2-3AF3-99A8-2387-0ACF0FF4750D}</UniqueIdentifier>
    </Filter>
    <Filter Include="vendor">
      <UniqueIdentifier>{B3738122-9F15-ACF8-88D0-BF4C74113349}</UniqueIdentifier>
    </Filter>
    <Filter Include="vendor\ImGuizmo">
      <UniqueIdentifier>{73BF7F4C-DF4A-ED10-E85B-700554664911}</UniqueIdentifier>
    </Filter>
    <Filter Include="vendor\stb_image">
      <UniqueIdentifier>{0DA0BA59-F998-D9AB-22CB-BE300E23B9B7}</UniqueIdentifier>
    </Filter>
  </ItemGroup>
  <ItemGroup>
    <ClInclude Include="src\Platform\OpenGL\OpenGLBuffer.h">
      <Filter>src\Platform\OpenGL</Filter>
    </ClInclude>
    <ClInclude Include="src\Platform\OpenGL\OpenGLContext.h">
      <Filter>src\Platform\OpenGL</Filter>
    </ClInclude>
    <ClInclude Include="src\Platform\OpenGL\OpenGLFont.h">
      <Filter>src\Platform\OpenGL</Filter>
    </ClInclude>
    <ClInclude Include="src\Platform\OpenGL\OpenGLFramebuffer.h">
      <Filter>src\Platform\OpenGL</Filter>
    </ClInclude>
    <ClInclude Include="src\Platform\OpenGL\OpenGLRenderAPI.h">
      <Filter>src\Platform\OpenGL</Filter>
    </ClInclude>
    <ClInclude Include="src\Platform\OpenGL\OpenGLRenderFlags.h">
      <Filter>src\Platform\OpenGL</Filter>
    </ClInclude>
    <ClInclude Include="src\Platform\OpenGL\OpenGLShader.h">
      <Filter>src\Platform\OpenGL</Filter>
    </ClInclude>
    <ClInclude Include="src\Platform\OpenGL\OpenGLTexture.h">
      <Filter>src\Platform\OpenGL</Filter>
    </ClInclude>
    <ClInclude Include="src\Platform\OpenGL\OpenGLVertexArray.h">
      <Filter>src\Platform\OpenGL</Filter>
    </ClInclude>
    <ClInclude Include="src\Platform\Windows\WindowsWindow.h">
      <Filter>src\Platform\Windows</Filter>
    </ClInclude>
    <ClInclude Include="src\Salad.h">
      <Filter>src</Filter>
    </ClInclude>
    <ClInclude Include="src\Salad\Core\Application.h">
      <Filter>src\Salad\Core</Filter>
    </ClInclude>
    <ClInclude Include="src\Salad\Core\BinaryIO.h">
      <Filter>src\Salad\Core</Filter>
    </ClInclude>
    <ClInclude Include="src\Salad\Core\Core.h">
      <Filter>src\Salad\Core</Filter>
    </ClInclude>
    <ClInclude Include="src\Salad\Core\EntryPoint.h">
      <Filter>src\Salad\Core</Filter>
    </ClInclude>
    <ClInclude Include="src\Salad\Core\Input.h">
      <Filter>src\Salad\Core</Filter>
    </ClInclude>
    <ClInclude Include="src\Salad\Core\KeyCodes.h">
      <Filter>src\Salad\Core</Filter>
    </ClInclude>
    <ClInclude Include="src\Salad\Core\Layer.h">
      <Filter>src\Salad\Core</Filter>
    </ClInclude>
    <ClInclude Include="src\Salad\Core\LayerStack.h">
      <Filter>src\Salad\Core</Filter>
    </ClInclude>
    <ClInclude Include="src\Salad\Core\Log.h">
      <Filter>src\Salad\Core</Filter>
    </ClInclude>
    <ClInclude Include="src\Salad\Core\MouseButtonCodes.h">
      <Filter>src\Salad\Core</Filter>
    </ClInclude>
    <ClInclude Include="src\Salad\Core\Resource.hpp">
      <Filter>src\Salad\Core</Filter>
    </ClInclude>
    <ClInclude Include="src\Salad\Core\ResourceCache.hpp">
      <Filter>src\Salad\Core</Filter>
    </ClInclude>
    <ClInclude Include="src\Salad\Core\ResourceManager.h">
      <Filter>src\Salad\Core</Filter>
    </ClInclude>
    <ClInclude Include="src\Salad\Core\Timestep.h">
      <Filter>src\Salad\Core</Filter>
    </ClInclude>
    <ClInclude Include="src\Salad\Core\Transform.h">
      <Filter>src\Salad\Core</Filter>
    </ClInclude>
    <ClInclude Include="src\Salad\Core\Window.h">
      <Filter>src\Salad\Core</Filter>
    </ClInclude>
    <ClInclude Include="src\Salad\Debug\Profiler.h">
      <Filter>src\Salad\Debug</Filter>
    </ClInclude>
    <ClInclude Include="src\Salad\Events\ApplicationEvent.h">
      <Filter>src\Salad\Events</Filter>
    </ClInclude>
    <ClInclude Include="src\Salad\Events\Event.h">
      <Filter>src\Salad\Events</Filter>
    </ClInclude>
    <ClInclude Include="src\Salad\Events\KeyEvent.h">
      <Filter>src\Salad\Events</Filter>
    </ClInclude>
    <ClInclude Include="src\Salad\Events\MouseEvent.h">
      <Filter>src\Salad\Events</Filter>
    </ClInclude>
    <ClInclude Include="src\Salad\ImGui\ImGuiLayer.h">
      <Filter>src\Salad\ImGui</Filter>
    </ClInclude>
    <ClInclude Include="src\Salad\ImGui\ImGuiWidgets.h">
      <Filter>src\Salad\ImGui</Filter>
    </ClInclude>
    <ClInclude Include="src\Salad\Lua\LuaScript.h">
      <Filter>src\Salad\Lua</Filter>
    </ClInclude>
    <ClInclude Include="src\Salad\Math\Math.h">
      <Filter>src\Salad\Math</Filter>
    </ClInclude>
    <ClInclude Include="src\Salad\OrthographicCameraController.h">
      <Filter>src\Salad</Filter>
    </ClInclude>
    <ClInclude Include="src\Salad\PerspectiveCameraController.h">
      <Filter>src\Salad</Filter>
    </ClInclude>
    <ClInclude Include="src\Salad\Renderer\Buffer.h">
      <Filter>src\Salad\Renderer</Filter>
    </ClInclude>
    <ClInclude Include="src\Salad\Renderer\Camera.h">
      <Filter>src\Salad\Renderer</Filter>
    </ClInclude>
    <ClInclude Include="src\Salad\Renderer\Framebuffer.h">
      <Filter>src\Salad\Renderer</Filter>
    </ClInclude>
    <ClInclude Include="src\Salad\Renderer\GraphicsContext.h">
      <Filter>src\Salad\Renderer</Filter>
    </ClInclude>
    <ClInclude Include="src\Salad\Renderer\Gui\Font.h">
      <Filter>src\Salad\Renderer\Gui</Filter>
    </ClInclude>
    <ClInclude Include="src\Salad\Renderer\Gui\FontManager.h">
      <Filter>src\Salad\Renderer\Gui</Filter>
    </ClInclude>
    <ClInclude Include="src\Salad\Renderer\Gui\Gui.h">
      <Filter>src\Salad\Renderer\Gui</Filter>
    </ClInclude>
    <ClInclude Include="src\Salad\Renderer\Gui\GuiManager.h">
      <Filter>src\Salad\Renderer\Gui</Filter>
    </ClInclude>
    <ClInclude Include="src\Salad\Renderer\Gui\GuiTessellator.h">
      <Filter>src\Salad\Renderer\Gui</Filter>
    </ClInclude>
    <ClInclude Include="src\Salad\Renderer\PostProcessing.h">
      <Filter>src\Salad\Renderer</Filter>
    </ClInclude>
    <ClInclude Include="src\Salad\Renderer\Primitives\Spline.h">
      <Filter>src\Salad\Renderer\Primitives</Filter>
    </ClInclude>
    <ClInclude Include="src\Salad\Renderer\RenderAPI.h">
      <Filter>src\Salad\Renderer</Filter>
    </ClInclude>
    <ClInclude Include="src\Salad\Renderer\RenderCommand.h">
      <Filter>src\Salad\Renderer</Filter>
    </ClInclude>
    <ClInclude Include="src\Salad\Renderer\RenderFlags.h">
      <Filter>src\Salad\Renderer</Filter>
    </ClInclude>
    <ClInclude Include="src\Salad\Renderer\Renderer.h">
      <Filter>src\Salad\Renderer</Filter>
    </ClInclude>
    <ClInclude Include="src\Salad\Renderer\Renderer2D.h">
      <Filter>src\Salad\Renderer</Filter>
    </ClInclude>
    <ClInclude Include="src\Salad\Renderer\Shader.h">
      <Filter>src\Salad\Renderer</Filter>
    </ClInclude>
    <ClInclude Include="src\Salad\Renderer\Sprite.h">
      <Filter>src\Salad\Renderer</Filter>
    </ClInclude>
    <ClInclude Include="src\Salad\Renderer\Tessellator.h">
      <Filter>src\Salad\Renderer</Filter>
    </ClInclude>
    <ClInclude Include="src\Salad\Renderer\Texture.h">
      <Filter>src\Salad\Renderer</Filter>
    </ClInclude>
    <ClInclude Include="src\Salad\Renderer\TextureLoader.hpp">
      <Filter>src\Salad\Renderer</Filter>
    </ClInclude>
    <ClInclude Include="src\Salad\Renderer\TextureManager.h">
      <Filter>src\Salad\Renderer</Filter>
    </ClInclude>
    <ClInclude Include="src\Salad\Renderer\TileMap.h">
      <Filter>src\Salad\Renderer</Filter>
    </ClInclude>
    <ClInclude Include="src\Salad\Renderer\VertexArray.h">
      <Filter>src\Salad\Renderer</Filter>
    </ClInclude>
    <ClInclude Include="src\Salad\Scene\Components.h">
      <Filter>src\Salad\Scene</Filter>
    </ClInclude>
    <ClInclude Include="src\Salad\Scene\Entity.h">
      <Filter>src\Salad\Scene</Filter>
    </ClInclude>
    <ClInclude Include="src\Salad\Scene\EntityTransform.h">
      <Filter>src\Salad\Scene</Filter>
    </ClInclude>
    <ClInclude Include="src\Salad\Scene\Scene.h">
      <Filter>src\Salad\Scene</Filter>
    </ClInclude>
    <ClInclude Include="src\Salad\Scene\SceneSerializer.h">
      <Filter>src\Salad\Scene</Filter>
    </ClInclude>
    <ClInclude Include="src\Salad\Scene\ScriptableEntity.h">
      <Filter>src\Salad\Scene</Filter>
    </ClInclude>
    <ClInclude Include="src\Salad\Util\Archiver.hpp">
      <Filter>src\Salad\Util</Filter>
    </ClInclude>
    <ClInclude Include="src\sldpch.h">
      <Filter>src</Filter>
    </ClInclude>
    <ClInclude Include="vendor\ImGuizmo\ImGuizmo.h">
      <Filter>vendor\ImGuizmo</Filter>
    </ClInclude>
    <ClInclude Include="vendor\stb_image\stb_image.h">
      <Filter>vendor\stb_image</Filter>
    </ClInclude>
  </ItemGroup>
  <ItemGroup>
    <ClCompile Include="src\Platform\OpenGL\OpenGLBuffer.cpp">
      <Filter>src\Platform\OpenGL</Filter>
    </ClCompile>
    <ClCompile Include="src\Platform\OpenGL\OpenGLContext.cpp">
      <Filter>src\Platform\OpenGL</Filter>
    </ClCompile>
    <ClCompile Include="src\Platform\OpenGL\OpenGLFont.cpp">
      <Filter>src\Platform\OpenGL</Filter>
    </ClCompile>
    <ClCompile Include="src\Platform\OpenGL\OpenGLFramebuffer.cpp">
      <Filter>src\Platform\OpenGL</Filter>
    </ClCompile>
    <ClCompile Include="src\Platform\OpenGL\OpenGLRenderAPI.cpp">
      <Filter>src\Platform\OpenGL</Filter>
    </ClCompile>
    <ClCompile Include="src\Platform\OpenGL\OpenGLShader.cpp">
      <Filter>src\Platform\OpenGL</Filter>
    </ClCompile>
    <ClCompile Include="src\Platform\OpenGL\OpenGLTexture.cpp">
      <Filter>src\Platform\OpenGL</Filter>
    </ClCompile>
    <ClCompile Include="src\Platform\OpenGL\OpenGLVertexArray.cpp">
      <Filter>src\Platform\OpenGL</Filter>
    </ClCompile>
    <ClCompile Include="src\Platform\Windows\WindowsInput.cpp">
      <Filter>src\Platform\Windows</Filter>
    </ClCompile>
    <ClCompile Include="src\Platform\Windows\WindowsWindow.cpp">
      <Filter>src\Platform\Windows</Filter>
    </ClCompile>
    <ClCompile Include="src\Salad\Core\Application.cpp">
      <Filter>src\Salad\Core</Filter>
    </ClCompile>
    <ClCompile Include="src\Salad\Core\BinaryIO.cpp">
      <Filter>src\Salad\Core</Filter>
    </ClCompile>
    <ClCompile Include="src\Salad\Core\Layer.cpp">
      <Filter>src\Salad\Core</Filter>
    </ClCompile>
    <ClCompile Include="src\Salad\Core\LayerStack.cpp">
      <Filter>src\Salad\Core</Filter>
    </ClCompile>
    <ClCompile Include="src\Salad\Core\Log.cpp">
      <Filter>src\Salad\Core</Filter>
    </ClCompile>
    <ClCompile Include="src\Salad\Core\ResourceManager.cpp">
      <Filter>src\Salad\Core</Filter>
    </ClCompile>
    <ClCompile Include="src\Salad\Core\Transform.cpp">
      <Filter>src\Salad\Core</Filter>
    </ClCompile>
    <ClCompile Include="src\Salad\ImGui\ImGuiBuild.cpp">
      <Filter>src\Salad\ImGui</Filter>
    </ClCompile>
    <ClCompile Include="src\Salad\ImGui\ImGuiLayer.cpp">
      <Filter>src\Salad\ImGui</Filter>
    </ClCompile>
    <ClCompile Include="src\Salad\ImGui\ImGuiWidgets.cpp">
      <Filter>src\Salad\ImGui</Filter>
    </ClCompile>
    <ClCompile Include="src\Salad\Lua\LuaScript.cpp">
      <Filter>src\Salad\Lua</Filter>
    </ClCompile>
    <ClCompile Include="src\Salad\Math\Math.cpp">
      <Filter>src\Salad\Math</Filter>
    </ClCompile>
    <ClCompile Include="src\Salad\OrthographicCameraController.cpp">
      <Filter>src\Salad</Filter>
    </ClCompile>
    <ClCompile Include="src\Salad\PerspectiveCameraController.cpp">
      <Filter>src\Salad</Filter>
    </ClCompile>
    <ClCompile Include="src\Salad\Renderer\Buffer.cpp">
      <Filter>src\Salad\Renderer</Filter>
    </ClCompile>
    <ClCompile Include="src\Salad\Renderer\Camera.cpp">
      <Filter>src\Salad\Renderer</Filter>
    </ClCompile>
    <ClCompile Include="src\Salad\Renderer\Framebuffer.cpp">
      <Filter>src\Salad\Renderer</Filter>
    </ClCompile>
    <ClCompile Include="src\Salad\Renderer\Gui\Font.cpp">
      <Filter>src\Salad\Renderer\Gui</Filter>
    </ClCompile>
    <ClCompile Include="src\Salad\Renderer\Gui\FontManager.cpp">
      <Filter>src\Salad\Renderer\Gui</Filter>
    </ClCompile>
    <ClCompile Include="src\Salad\Renderer\Gui\Gui.cpp">
      <Filter>src\Salad\Renderer\Gui</Filter>
    </ClCompile>
    <ClCompile Include="src\Salad\Renderer\Gui\GuiManager.cpp">
      <Filter>src\Salad\Renderer\Gui</Filter>
    </ClCompile>
    <ClCompile Include="src\Salad\Renderer\Gui\GuiTessellator.cpp">
      <Filter>src\Salad\Renderer\Gui</Filter>
    </ClCompile>
    <ClCompile Include="src\Salad\Renderer\PostProcessing.cpp">
      <Filter>src\Salad\Renderer</Filter>
    </ClCompile>
    <ClCompile Include="src\Salad\Renderer\Primitives\Spline.cpp">
      <Filter>src\Salad\Renderer\Primitives</Filter>
    </ClCompile>
    <ClCompile Include="src\Salad\Renderer\RenderAPI.cpp">
      <Filter>src\Salad\Renderer</Filter>
    </ClCompile>
    <ClCompile Include="src\Salad\Renderer\RenderCommand.cpp">
      <Filter>src\Salad\Renderer</Filter>
    </ClCompile>
    <ClCompile Include="src\Salad\Renderer\Renderer.cpp">
      <Filter>src\Salad\Renderer</Filter>
    </ClCompile>
    <ClCompile Include="src\Salad\Renderer\Renderer2D.cpp">
      <Filter>src\Salad\Renderer</Filter>
    </ClCompile>
    <ClCompile Include="src\Salad\Renderer\Shader.cpp">
      <Filter>src\Salad\Renderer</Filter>
    </ClCompile>
    <ClCompile Include="src\Salad\Renderer\Sprite.cpp">
      <Filter>src\Salad\Renderer</Filter>
    </ClCompile>
    <ClCompile Include="src\Salad\Renderer\Tessellator.cpp">
      <Filter>src\Salad\Renderer</Filter>
    </ClCompile>
    <ClCompile Include="src\Salad\Renderer\Texture.cpp">
      <Filter>src\Salad\Renderer</Filter>
    </ClCompile>
    <ClCompile Include="src\Salad\Renderer\TextureManager.cpp">
      <Filter>src\Salad\Renderer</Filter>
    </ClCompile>
    <ClCompile Include="src\Salad\Renderer\TileMap.cpp">
      <Filter>src\Salad\Renderer</Filter>
    </ClCompile>
    <ClCompile Include="src\Salad\Renderer\VertexArray.cpp">
      <Filter>src\Salad\Renderer</Filter>
    </ClCompile>
    <ClCompile Include="src\Salad\Scene\Entity.cpp">
      <Filter>src\Salad\Scene</Filter>
    </ClCompile>
    <ClCompile Include="src\Salad\Scene\EntityTransform.cpp">
      <Filter>src\Salad\Scene</Filter>
    </ClCompile>
    <ClCompile Include="src\Salad\Scene\Scene.cpp">
      <Filter>src\Salad\Scene</Filter>
    </ClCompile>
    <ClCompile Include="src\Salad\Scene\SceneSerializer.cpp">
      <Filter>src\Salad\Scene</Filter>
    </ClCompile>
    <ClCompile Include="src\sldpch.cpp">
      <Filter>src</Filter>
    </ClCompile>
    <ClCompile Include="vendor\ImGuizmo\ImGuizmo.cpp">
      <Filter>vendor\ImGuizmo</Filter>
    </ClCompile>
    <ClCompile Include="vendor\stb_image\stb_image.cpp">
      <Filter>vendor\stb_image</Filter>
    </ClCompile>
  </ItemGroup>
</Project>